
Microsoft Visual Studio Solution File, Format Version 12.00
# Visual Studio Version 16
VisualStudioVersion = 16.0.29728.190
MinimumVisualStudioVersion = 10.0.40219.1
Project("{FAE04EC0-301F-11D3-BF4B-00C04F79EFBC}") = "OnlineFlightBooking", "FlightMVC\OnlineFlightBooking.csproj", "{C0FB2A36-CDE2-4DB3-820E-CD31C8038F51}"
EndProject
Project("{FAE04EC0-301F-11D3-BF4B-00C04F79EFBC}") = "OnlineFlightBooking.DAL", "OnlineFlightbooking.DIL\OnlineFlightBooking.DAL.csproj", "{3C8205DB-FD79-4F1E-9BC2-5094A923339E}"
EndProject
Project("{FAE04EC0-301F-11D3-BF4B-00C04F79EFBC}") = "OnilneFlightBooking.Entity", "OnilneFlightBooking.Entity\OnilneFlightBooking.Entity.csproj", "{E9C792A9-61C2-4B5D-8F85-9EE9BDEA9BAF}"
EndProject
Project("{FAE04EC0-301F-11D3-BF4B-00C04F79EFBC}") = "OnlineFlightBooking.BL", "OnlineFlightBooking.BL\OnlineFlightBooking.BL.csproj", "{BA697D93-0C49-4949-BE20-DDD576BF7396}"
EndProject
Project("{FAE04EC0-301F-11D3-BF4B-00C04F79EFBC}") = "OnlineFlightBooking.Common", "OnlineFlightBooking.Common\OnlineFlightBooking.Common.csproj", "{E10CD61C-39EC-48C2-878F-ACB2060C44B8}"
EndProject
Global
	GlobalSection(SolutionConfigurationPlatforms) = preSolution
		Debug|Any CPU = Debug|Any CPU
		Release|Any CPU = Release|Any CPU
	EndGlobalSection
	GlobalSection(ProjectConfigurationPlatforms) = postSolution
		{C0FB2A36-CDE2-4DB3-820E-CD31C8038F51}.Debug|Any CPU.ActiveCfg = Debug|Any CPU
		{C0FB2A36-CDE2-4DB3-820E-CD31C8038F51}.Debug|Any CPU.Build.0 = Debug|Any CPU
		{C0FB2A36-CDE2-4DB3-820E-CD31C8038F51}.Release|Any CPU.ActiveCfg = Release|Any CPU
		{C0FB2A36-CDE2-4DB3-820E-CD31C8038F51}.Release|Any CPU.Build.0 = Release|Any CPU
		{3C8205DB-FD79-4F1E-9BC2-5094A923339E}.Debug|Any CPU.ActiveCfg = Debug|Any CPU
		{3C8205DB-FD79-4F1E-9BC2-5094A923339E}.Debug|Any CPU.Build.0 = Debug|Any CPU
		{3C8205DB-FD79-4F1E-9BC2-5094A923339E}.Release|Any CPU.ActiveCfg = Release|Any CPU
		{3C8205DB-FD79-4F1E-9BC2-5094A923339E}.Release|Any CPU.Build.0 = Release|Any CPU
		{E9C792A9-61C2-4B5D-8F85-9EE9BDEA9BAF}.Debug|Any CPU.ActiveCfg = Debug|Any CPU
		{E9C792A9-61C2-4B5D-8F85-9EE9BDEA9BAF}.Debug|Any CPU.Build.0 = Debug|Any CPU
		{E9C792A9-61C2-4B5D-8F85-9EE9BDEA9BAF}.Release|Any CPU.ActiveCfg = Release|Any CPU
		{E9C792A9-61C2-4B5D-8F85-9EE9BDEA9BAF}.Release|Any CPU.Build.0 = Release|Any CPU
		{BA697D93-0C49-4949-BE20-DDD576BF7396}.Debug|Any CPU.ActiveCfg = Debug|Any CPU
		{BA697D93-0C49-4949-BE20-DDD576BF7396}.Debug|Any CPU.Build.0 = Debug|Any CPU
		{BA697D93-0C49-4949-BE20-DDD576BF7396}.Release|Any CPU.ActiveCfg = Release|Any CPU
		{BA697D93-0C49-4949-BE20-DDD576BF7396}.Release|Any CPU.Build.0 = Release|Any CPU
		{E10CD61C-39EC-48C2-878F-ACB2060C44B8}.Debug|Any CPU.ActiveCfg = Debug|Any CPU
		{E10CD61C-39EC-48C2-878F-ACB2060C44B8}.Debug|Any CPU.Build.0 = Debug|Any CPU
		{E10CD61C-39EC-48C2-878F-ACB2060C44B8}.Release|Any CPU.ActiveCfg = Release|Any CPU
		{E10CD61C-39EC-48C2-878F-ACB2060C44B8}.Release|Any CPU.Build.0 = Release|Any CPU
	EndGlobalSection
	GlobalSection(SolutionProperties) = preSolution
		HideSolutionNode = FALSE
	EndGlobalSection
	GlobalSection(ExtensibilityGlobals) = postSolution
		SolutionGuid = {CC8C0A15-6D22-4D20-A997-B0730D3C1877}
	EndGlobalSection
EndGlobal
